// !$*UTF8*$!
{
	archiveVersion = 1;
	classes = {
	};
	objectVersion = 45;
	objects = {

/* Begin PBXBuildFile section */
		1D3623260D0F684500981E51 /* TackAppDelegate.m in Sources */ = {isa = PBXBuildFile; fileRef = 1D3623250D0F684500981E51 /* TackAppDelegate.m */; };
		1D60589B0D05DD56006BFB54 /* main.m in Sources */ = {isa = PBXBuildFile; fileRef = 29B97316FDCFA39411CA2CEA /* main.m */; };
		1D60589F0D05DD5A006BFB54 /* Foundation.framework in Frameworks */ = {isa = PBXBuildFile; fileRef = 1D30AB110D05D00D00671497 /* Foundation.framework */; };
		1DF5F4E00D08C38300B7A737 /* UIKit.framework in Frameworks */ = {isa = PBXBuildFile; fileRef = 1DF5F4DF0D08C38300B7A737 /* UIKit.framework */; };
		288765A50DF7441C002DB57D /* CoreGraphics.framework in Frameworks */ = {isa = PBXBuildFile; fileRef = 288765A40DF7441C002DB57D /* CoreGraphics.framework */; };
		2899E5220DE3E06400AC0155 /* TackViewController.xib in Resources */ = {isa = PBXBuildFile; fileRef = 2899E5210DE3E06400AC0155 /* TackViewController.xib */; };
		28AD733F0D9D9553002E5188 /* MainWindow.xib in Resources */ = {isa = PBXBuildFile; fileRef = 28AD733E0D9D9553002E5188 /* MainWindow.xib */; };
		28D7ACF80DDB3853001CB0EB /* TackViewController.m in Sources */ = {isa = PBXBuildFile; fileRef = 28D7ACF70DDB3853001CB0EB /* TackViewController.m */; };
		BC1D59271000E94D0068B45A /* Player.m in Sources */ = {isa = PBXBuildFile; fileRef = BC1D59221000E94D0068B45A /* Player.m */; };
		BC1D59281000E94D0068B45A /* Piece.m in Sources */ = {isa = PBXBuildFile; fileRef = BC1D59241000E94D0068B45A /* Piece.m */; };
		BC1D59291000E94D0068B45A /* Board.m in Sources */ = {isa = PBXBuildFile; fileRef = BC1D59261000E94D0068B45A /* Board.m */; };
		BC1D592D1000E9570068B45A /* Grid.m in Sources */ = {isa = PBXBuildFile; fileRef = BC1D592C1000E9570068B45A /* Grid.m */; };
		BC1D59361000E9860068B45A /* QuartzCore.framework in Frameworks */ = {isa = PBXBuildFile; fileRef = BC1D59351000E9860068B45A /* QuartzCore.framework */; };
		BC1D5AA6100127E80068B45A /* PlayerTest.m in Sources */ = {isa = PBXBuildFile; fileRef = BC1D5AA5100127E80068B45A /* PlayerTest.m */; };
		BC1D5AE010012B040068B45A /* Player.m in Sources */ = {isa = PBXBuildFile; fileRef = BC1D59221000E94D0068B45A /* Player.m */; };
		BC1D5AF610012E690068B45A /* Piece.m in Sources */ = {isa = PBXBuildFile; fileRef = BC1D59241000E94D0068B45A /* Piece.m */; };
		BC1D5B30100131EC0068B45A /* PieceTest.m in Sources */ = {isa = PBXBuildFile; fileRef = BC1D5B2F100131EC0068B45A /* PieceTest.m */; };
		BC1D5B331001328F0068B45A /* Location.m in Sources */ = {isa = PBXBuildFile; fileRef = BC1D5B321001328F0068B45A /* Location.m */; };
		BC1D5B341001328F0068B45A /* Location.m in Sources */ = {isa = PBXBuildFile; fileRef = BC1D5B321001328F0068B45A /* Location.m */; };
		BC1D5BAE100162760068B45A /* BoardTest.m in Sources */ = {isa = PBXBuildFile; fileRef = BC1D5BAD100162760068B45A /* BoardTest.m */; };
		BC1D5BAF100162840068B45A /* Board.m in Sources */ = {isa = PBXBuildFile; fileRef = BC1D59261000E94D0068B45A /* Board.m */; };
/* End PBXBuildFile section */

/* Begin PBXFileReference section */
		1D30AB110D05D00D00671497 /* Foundation.framework */ = {isa = PBXFileReference; lastKnownFileType = wrapper.framework; name = Foundation.framework; path = System/Library/Frameworks/Foundation.framework; sourceTree = SDKROOT; };
		1D3623240D0F684500981E51 /* TackAppDelegate.h */ = {isa = PBXFileReference; fileEncoding = 4; lastKnownFileType = sourcecode.c.h; path = TackAppDelegate.h; sourceTree = "<group>"; };
		1D3623250D0F684500981E51 /* TackAppDelegate.m */ = {isa = PBXFileReference; fileEncoding = 4; lastKnownFileType = sourcecode.c.objc; path = TackAppDelegate.m; sourceTree = "<group>"; };
		1D6058910D05DD3D006BFB54 /* Tack.app */ = {isa = PBXFileReference; explicitFileType = wrapper.application; includeInIndex = 0; path = Tack.app; sourceTree = BUILT_PRODUCTS_DIR; };
		1DF5F4DF0D08C38300B7A737 /* UIKit.framework */ = {isa = PBXFileReference; lastKnownFileType = wrapper.framework; name = UIKit.framework; path = System/Library/Frameworks/UIKit.framework; sourceTree = SDKROOT; };
		288765A40DF7441C002DB57D /* CoreGraphics.framework */ = {isa = PBXFileReference; lastKnownFileType = wrapper.framework; name = CoreGraphics.framework; path = System/Library/Frameworks/CoreGraphics.framework; sourceTree = SDKROOT; };
		2899E5210DE3E06400AC0155 /* TackViewController.xib */ = {isa = PBXFileReference; lastKnownFileType = file.xib; path = TackViewController.xib; sourceTree = "<group>"; };
		28AD733E0D9D9553002E5188 /* MainWindow.xib */ = {isa = PBXFileReference; lastKnownFileType = file.xib; path = MainWindow.xib; sourceTree = "<group>"; };
		28D7ACF60DDB3853001CB0EB /* TackViewController.h */ = {isa = PBXFileReference; fileEncoding = 4; lastKnownFileType = sourcecode.c.h; path = TackViewController.h; sourceTree = "<group>"; };
		28D7ACF70DDB3853001CB0EB /* TackViewController.m */ = {isa = PBXFileReference; fileEncoding = 4; lastKnownFileType = sourcecode.c.objc; path = TackViewController.m; sourceTree = "<group>"; };
		29B97316FDCFA39411CA2CEA /* main.m */ = {isa = PBXFileReference; fileEncoding = 4; lastKnownFileType = sourcecode.c.objc; path = main.m; sourceTree = "<group>"; };
		32CA4F630368D1EE00C91783 /* Tack_Prefix.pch */ = {isa = PBXFileReference; fileEncoding = 4; lastKnownFileType = sourcecode.c.h; path = Tack_Prefix.pch; sourceTree = "<group>"; };
		8D1107310486CEB800E47090 /* Tack-Info.plist */ = {isa = PBXFileReference; fileEncoding = 4; lastKnownFileType = text.plist.xml; path = "Tack-Info.plist"; plistStructureDefinitionIdentifier = "com.apple.xcode.plist.structure-definition.iphone.info-plist"; sourceTree = "<group>"; };
		BC1D59211000E94D0068B45A /* Player.h */ = {isa = PBXFileReference; fileEncoding = 4; lastKnownFileType = sourcecode.c.h; path = Player.h; sourceTree = "<group>"; };
		BC1D59221000E94D0068B45A /* Player.m */ = {isa = PBXFileReference; fileEncoding = 4; lastKnownFileType = sourcecode.c.objc; path = Player.m; sourceTree = "<group>"; };
		BC1D59231000E94D0068B45A /* Piece.h */ = {isa = PBXFileReference; fileEncoding = 4; lastKnownFileType = sourcecode.c.h; path = Piece.h; sourceTree = "<group>"; };
		BC1D59241000E94D0068B45A /* Piece.m */ = {isa = PBXFileReference; fileEncoding = 4; lastKnownFileType = sourcecode.c.objc; path = Piece.m; sourceTree = "<group>"; };
		BC1D59251000E94D0068B45A /* Board.h */ = {isa = PBXFileReference; fileEncoding = 4; lastKnownFileType = sourcecode.c.h; path = Board.h; sourceTree = "<group>"; };
		BC1D59261000E94D0068B45A /* Board.m */ = {isa = PBXFileReference; fileEncoding = 4; lastKnownFileType = sourcecode.c.objc; path = Board.m; sourceTree = "<group>"; };
		BC1D592B1000E9570068B45A /* Grid.h */ = {isa = PBXFileReference; fileEncoding = 4; lastKnownFileType = sourcecode.c.h; path = Grid.h; sourceTree = "<group>"; };
		BC1D592C1000E9570068B45A /* Grid.m */ = {isa = PBXFileReference; fileEncoding = 4; lastKnownFileType = sourcecode.c.objc; path = Grid.m; sourceTree = "<group>"; };
		BC1D59351000E9860068B45A /* QuartzCore.framework */ = {isa = PBXFileReference; lastKnownFileType = wrapper.framework; name = QuartzCore.framework; path = /System/Library/Frameworks/QuartzCore.framework; sourceTree = "<absolute>"; };
		BC1D59BA100111800068B45A /* Tests-Info.plist */ = {isa = PBXFileReference; lastKnownFileType = text.plist.xml; path = "Tests-Info.plist"; sourceTree = "<group>"; };
		BC1D5A4C100127960068B45A /* Tests.octest */ = {isa = PBXFileReference; explicitFileType = wrapper.cfbundle; includeInIndex = 0; path = Tests.octest; sourceTree = BUILT_PRODUCTS_DIR; };
		BC1D5AA4100127E80068B45A /* PlayerTest.h */ = {isa = PBXFileReference; fileEncoding = 4; lastKnownFileType = sourcecode.c.h; path = PlayerTest.h; sourceTree = "<group>"; };
		BC1D5AA5100127E80068B45A /* PlayerTest.m */ = {isa = PBXFileReference; fileEncoding = 4; lastKnownFileType = sourcecode.c.objc; path = PlayerTest.m; sourceTree = "<group>"; };
		BC1D5B2E100131EC0068B45A /* PieceTest.h */ = {isa = PBXFileReference; fileEncoding = 4; lastKnownFileType = sourcecode.c.h; path = PieceTest.h; sourceTree = "<group>"; };
		BC1D5B2F100131EC0068B45A /* PieceTest.m */ = {isa = PBXFileReference; fileEncoding = 4; lastKnownFileType = sourcecode.c.objc; path = PieceTest.m; sourceTree = "<group>"; };
		BC1D5B311001328F0068B45A /* Location.h */ = {isa = PBXFileReference; fileEncoding = 4; lastKnownFileType = sourcecode.c.h; path = Location.h; sourceTree = "<group>"; };
		BC1D5B321001328F0068B45A /* Location.m */ = {isa = PBXFileReference; fileEncoding = 4; lastKnownFileType = sourcecode.c.objc; path = Location.m; sourceTree = "<group>"; };
		BC1D5BAC100162760068B45A /* BoardTest.h */ = {isa = PBXFileReference; fileEncoding = 4; lastKnownFileType = sourcecode.c.h; path = BoardTest.h; sourceTree = "<group>"; };
		BC1D5BAD100162760068B45A /* BoardTest.m */ = {isa = PBXFileReference; fileEncoding = 4; lastKnownFileType = sourcecode.c.objc; path = BoardTest.m; sourceTree = "<group>"; };
/* End PBXFileReference section */

/* Begin PBXFrameworksBuildPhase section */
		1D60588F0D05DD3D006BFB54 /* Frameworks */ = {
			isa = PBXFrameworksBuildPhase;
			buildActionMask = 2147483647;
			files = (
				1D60589F0D05DD5A006BFB54 /* Foundation.framework in Frameworks */,
				1DF5F4E00D08C38300B7A737 /* UIKit.framework in Frameworks */,
				288765A50DF7441C002DB57D /* CoreGraphics.framework in Frameworks */,
				BC1D59361000E9860068B45A /* QuartzCore.framework in Frameworks */,
			);
			runOnlyForDeploymentPostprocessing = 0;
		};
		BC1D5A49100127960068B45A /* Frameworks */ = {
			isa = PBXFrameworksBuildPhase;
			buildActionMask = 2147483647;
			files = (
			);
			runOnlyForDeploymentPostprocessing = 0;
		};
/* End PBXFrameworksBuildPhase section */

/* Begin PBXGroup section */
		080E96DDFE201D6D7F000001 /* Classes */ = {
			isa = PBXGroup;
			children = (
				BC1D592A1000E9570068B45A /* View */,
				BC1D59201000E94D0068B45A /* Model */,
				1D3623240D0F684500981E51 /* TackAppDelegate.h */,
				1D3623250D0F684500981E51 /* TackAppDelegate.m */,
				28D7ACF60DDB3853001CB0EB /* TackViewController.h */,
				28D7ACF70DDB3853001CB0EB /* TackViewController.m */,
			);
			path = Classes;
			sourceTree = "<group>";
		};
		19C28FACFE9D520D11CA2CBB /* Products */ = {
			isa = PBXGroup;
			children = (
				1D6058910D05DD3D006BFB54 /* Tack.app */,
				BC1D5A4C100127960068B45A /* Tests.octest */,
			);
			name = Products;
			sourceTree = "<group>";
		};
		29B97314FDCFA39411CA2CEA /* CustomTemplate */ = {
			isa = PBXGroup;
			children = (
				BC1D5AA2100127C50068B45A /* Tests */,
				080E96DDFE201D6D7F000001 /* Classes */,
				29B97315FDCFA39411CA2CEA /* Other Sources */,
				29B97317FDCFA39411CA2CEA /* Resources */,
				29B97323FDCFA39411CA2CEA /* Frameworks */,
				19C28FACFE9D520D11CA2CBB /* Products */,
			);
			name = CustomTemplate;
			sourceTree = "<group>";
		};
		29B97315FDCFA39411CA2CEA /* Other Sources */ = {
			isa = PBXGroup;
			children = (
				32CA4F630368D1EE00C91783 /* Tack_Prefix.pch */,
				29B97316FDCFA39411CA2CEA /* main.m */,
			);
			name = "Other Sources";
			sourceTree = "<group>";
		};
		29B97317FDCFA39411CA2CEA /* Resources */ = {
			isa = PBXGroup;
			children = (
				2899E5210DE3E06400AC0155 /* TackViewController.xib */,
				28AD733E0D9D9553002E5188 /* MainWindow.xib */,
				8D1107310486CEB800E47090 /* Tack-Info.plist */,
				BC1D59BA100111800068B45A /* Tests-Info.plist */,
			);
			name = Resources;
			sourceTree = "<group>";
		};
		29B97323FDCFA39411CA2CEA /* Frameworks */ = {
			isa = PBXGroup;
			children = (
				BC1D59351000E9860068B45A /* QuartzCore.framework */,
				1DF5F4DF0D08C38300B7A737 /* UIKit.framework */,
				1D30AB110D05D00D00671497 /* Foundation.framework */,
				288765A40DF7441C002DB57D /* CoreGraphics.framework */,
			);
			name = Frameworks;
			sourceTree = "<group>";
		};
		BC1D59201000E94D0068B45A /* Model */ = {
			isa = PBXGroup;
			children = (
				BC1D5B311001328F0068B45A /* Location.h */,
				BC1D5B321001328F0068B45A /* Location.m */,
				BC1D59231000E94D0068B45A /* Piece.h */,
				BC1D59241000E94D0068B45A /* Piece.m */,
				BC1D59211000E94D0068B45A /* Player.h */,
				BC1D59221000E94D0068B45A /* Player.m */,
				BC1D59251000E94D0068B45A /* Board.h */,
				BC1D59261000E94D0068B45A /* Board.m */,
			);
			name = Model;
			sourceTree = "<group>";
		};
		BC1D592A1000E9570068B45A /* View */ = {
			isa = PBXGroup;
			children = (
				BC1D592B1000E9570068B45A /* Grid.h */,
				BC1D592C1000E9570068B45A /* Grid.m */,
			);
			name = View;
			sourceTree = "<group>";
		};
		BC1D5AA2100127C50068B45A /* Tests */ = {
			isa = PBXGroup;
			children = (
				BC1D5AA4100127E80068B45A /* PlayerTest.h */,
				BC1D5AA5100127E80068B45A /* PlayerTest.m */,
				BC1D5B2E100131EC0068B45A /* PieceTest.h */,
				BC1D5B2F100131EC0068B45A /* PieceTest.m */,
				BC1D5BAC100162760068B45A /* BoardTest.h */,
				BC1D5BAD100162760068B45A /* BoardTest.m */,
			);
			path = Tests;
			sourceTree = "<group>";
		};
/* End PBXGroup section */

/* Begin PBXNativeTarget section */
		1D6058900D05DD3D006BFB54 /* Tack */ = {
			isa = PBXNativeTarget;
			buildConfigurationList = 1D6058960D05DD3E006BFB54 /* Build configuration list for PBXNativeTarget "Tack" */;
			buildPhases = (
				1D60588D0D05DD3D006BFB54 /* Resources */,
				1D60588E0D05DD3D006BFB54 /* Sources */,
				1D60588F0D05DD3D006BFB54 /* Frameworks */,
			);
			buildRules = (
			);
			dependencies = (
			);
			name = Tack;
			productName = Tack;
			productReference = 1D6058910D05DD3D006BFB54 /* Tack.app */;
			productType = "com.apple.product-type.application";
		};
		BC1D5A4B100127960068B45A /* Tests */ = {
			isa = PBXNativeTarget;
			buildConfigurationList = BC1D5AA3100127C50068B45A /* Build configuration list for PBXNativeTarget "Tests" */;
			buildPhases = (
				BC1D5A47100127960068B45A /* Resources */,
				BC1D5A48100127960068B45A /* Sources */,
				BC1D5A49100127960068B45A /* Frameworks */,
				BC1D5A4A100127960068B45A /* ShellScript */,
			);
			buildRules = (
			);
			dependencies = (
			);
			name = Tests;
			productName = Tests;
			productReference = BC1D5A4C100127960068B45A /* Tests.octest */;
			productType = "com.apple.product-type.bundle";
		};
/* End PBXNativeTarget section */

/* Begin PBXProject section */
		29B97313FDCFA39411CA2CEA /* Project object */ = {
			isa = PBXProject;
			buildConfigurationList = C01FCF4E08A954540054247B /* Build configuration list for PBXProject "Tack" */;
			compatibilityVersion = "Xcode 3.1";
			hasScannedForEncodings = 1;
			mainGroup = 29B97314FDCFA39411CA2CEA /* CustomTemplate */;
			projectDirPath = "";
			projectRoot = "";
			targets = (
				1D6058900D05DD3D006BFB54 /* Tack */,
				BC1D5A4B100127960068B45A /* Tests */,
			);
		};
/* End PBXProject section */

/* Begin PBXResourcesBuildPhase section */
		1D60588D0D05DD3D006BFB54 /* Resources */ = {
			isa = PBXResourcesBuildPhase;
			buildActionMask = 2147483647;
			files = (
				28AD733F0D9D9553002E5188 /* MainWindow.xib in Resources */,
				2899E5220DE3E06400AC0155 /* TackViewController.xib in Resources */,
			);
			runOnlyForDeploymentPostprocessing = 0;
		};
		BC1D5A47100127960068B45A /* Resources */ = {
			isa = PBXResourcesBuildPhase;
			buildActionMask = 2147483647;
			files = (
			);
			runOnlyForDeploymentPostprocessing = 0;
		};
/* End PBXResourcesBuildPhase section */

/* Begin PBXShellScriptBuildPhase section */
		BC1D5A4A100127960068B45A /* ShellScript */ = {
			isa = PBXShellScriptBuildPhase;
			buildActionMask = 2147483647;
			files = (
			);
			inputPaths = (
			);
			outputPaths = (
			);
			runOnlyForDeploymentPostprocessing = 0;
			shellPath = /bin/sh;
			shellScript = "# Run the unit tests in this test bundle.\n\"${SYSTEM_DEVELOPER_DIR}/Tools/RunUnitTests\"\n";
		};
/* End PBXShellScriptBuildPhase section */

/* Begin PBXSourcesBuildPhase section */
		1D60588E0D05DD3D006BFB54 /* Sources */ = {
			isa = PBXSourcesBuildPhase;
			buildActionMask = 2147483647;
			files = (
				1D60589B0D05DD56006BFB54 /* main.m in Sources */,
				1D3623260D0F684500981E51 /* TackAppDelegate.m in Sources */,
				28D7ACF80DDB3853001CB0EB /* TackViewController.m in Sources */,
				BC1D59271000E94D0068B45A /* Player.m in Sources */,
				BC1D59281000E94D0068B45A /* Piece.m in Sources */,
				BC1D59291000E94D0068B45A /* Board.m in Sources */,
				BC1D592D1000E9570068B45A /* Grid.m in Sources */,
				BC1D5B331001328F0068B45A /* Location.m in Sources */,
			);
			runOnlyForDeploymentPostprocessing = 0;
		};
		BC1D5A48100127960068B45A /* Sources */ = {
			isa = PBXSourcesBuildPhase;
			buildActionMask = 2147483647;
			files = (
				BC1D5B341001328F0068B45A /* Location.m in Sources */,
				BC1D5AF610012E690068B45A /* Piece.m in Sources */,
				BC1D5B30100131EC0068B45A /* PieceTest.m in Sources */,
				BC1D5AE010012B040068B45A /* Player.m in Sources */,
				BC1D5AA6100127E80068B45A /* PlayerTest.m in Sources */,
				BC1D5BAF100162840068B45A /* Board.m in Sources */,
				BC1D5BAE100162760068B45A /* BoardTest.m in Sources */,
			);
			runOnlyForDeploymentPostprocessing = 0;
		};
/* End PBXSourcesBuildPhase section */

/* Begin XCBuildConfiguration section */
		1D6058940D05DD3E006BFB54 /* Debug */ = {
			isa = XCBuildConfiguration;
			buildSettings = {
				ALWAYS_SEARCH_USER_PATHS = NO;
				COPY_PHASE_STRIP = NO;
				GCC_DYNAMIC_NO_PIC = NO;
				GCC_OPTIMIZATION_LEVEL = 0;
				GCC_PRECOMPILE_PREFIX_HEADER = YES;
				GCC_PREFIX_HEADER = Tack_Prefix.pch;
				INFOPLIST_FILE = "Tack-Info.plist";
				PRODUCT_NAME = Tack;
			};
			name = Debug;
		};
		1D6058950D05DD3E006BFB54 /* Release */ = {
			isa = XCBuildConfiguration;
			buildSettings = {
				ALWAYS_SEARCH_USER_PATHS = NO;
				COPY_PHASE_STRIP = YES;
				GCC_PRECOMPILE_PREFIX_HEADER = YES;
				GCC_PREFIX_HEADER = Tack_Prefix.pch;
				INFOPLIST_FILE = "Tack-Info.plist";
				PRODUCT_NAME = Tack;
			};
			name = Release;
		};
		BC1D5A4D100127970068B45A /* Debug */ = {
			isa = XCBuildConfiguration;
			buildSettings = {
				ALWAYS_SEARCH_USER_PATHS = NO;
				COPY_PHASE_STRIP = NO;
				FRAMEWORK_SEARCH_PATHS = "$(DEVELOPER_LIBRARY_DIR)/Frameworks";
				GCC_DYNAMIC_NO_PIC = NO;
				GCC_ENABLE_FIX_AND_CONTINUE = NO;
				GCC_ENABLE_OBJC_EXCEPTIONS = YES;
				GCC_OPTIMIZATION_LEVEL = 0;
				INFOPLIST_FILE = "Tests-Info.plist";
				OTHER_LDFLAGS = (
					"-framework",
					Foundation,
					"-framework",
					SenTestingKit,
					"-framework",
					UIKit,
				);
				PREBINDING = NO;
				PRODUCT_NAME = Tests;
				WRAPPER_EXTENSION = octest;
			};
			name = Debug;
		};
		BC1D5A4E100127970068B45A /* Release */ = {
			isa = XCBuildConfiguration;
			buildSettings = {
				ALWAYS_SEARCH_USER_PATHS = NO;
				COPY_PHASE_STRIP = YES;
				DEBUG_INFORMATION_FORMAT = "dwarf-with-dsym";
				FRAMEWORK_SEARCH_PATHS = "$(DEVELOPER_LIBRARY_DIR)/Frameworks";
				GCC_ENABLE_FIX_AND_CONTINUE = NO;
				GCC_ENABLE_OBJC_EXCEPTIONS = YES;
				INFOPLIST_FILE = "Tests-Info.plist";
				OTHER_LDFLAGS = (
					"-framework",
					Foundation,
					"-framework",
					SenTestingKit,
					"-framework",
					UIKit,
				);
				PREBINDING = NO;
				PRODUCT_NAME = Tests;
				WRAPPER_EXTENSION = octest;
				ZERO_LINK = NO;
			};
			name = Release;
		};
		C01FCF4F08A954540054247B /* Debug */ = {
			isa = XCBuildConfiguration;
			buildSettings = {
				ARCHS = "$(ARCHS_STANDARD_32_BIT)";
				"CODE_SIGN_IDENTITY[sdk=iphoneos*]" = "iPhone Developer";
				GCC_C_LANGUAGE_STANDARD = c99;
				GCC_WARN_ABOUT_RETURN_TYPE = YES;
				GCC_WARN_UNUSED_VARIABLE = YES;
				PREBINDING = NO;
				SDKROOT = iphoneos3.0;
			};
			name = Debug;
		};
		C01FCF5008A954540054247B /* Release */ = {
			isa = XCBuildConfiguration;
			buildSettings = {
				ARCHS = "$(ARCHS_STANDARD_32_BIT)";
				"CODE_SIGN_IDENTITY[sdk=iphoneos*]" = "iPhone Developer";
				GCC_C_LANGUAGE_STANDARD = c99;
				GCC_WARN_ABOUT_RETURN_TYPE = YES;
				GCC_WARN_UNUSED_VARIABLE = YES;
				PREBINDING = NO;
				SDKROOT = iphoneos3.0;
			};
			name = Release;
		};
/* End XCBuildConfiguration section */

/* Begin XCConfigurationList section */
		1D6058960D05DD3E006BFB54 /* Build configuration list for PBXNativeTarget "Tack" */ = {
			isa = XCConfigurationList;
			buildConfigurations = (
				1D6058940D05DD3E006BFB54 /* Debug */,
				1D6058950D05DD3E006BFB54 /* Release */,
			);
			defaultConfigurationIsVisible = 0;
			defaultConfigurationName = Release;
		};
		BC1D5AA3100127C50068B45A /* Build configuration list for PBXNativeTarget "Tests" */ = {
			isa = XCConfigurationList;
			buildConfigurations = (
				BC1D5A4D100127970068B45A /* Debug */,
				BC1D5A4E100127970068B45A /* Release */,
			);
			defaultConfigurationIsVisible = 0;
			defaultConfigurationName = Release;
		};
		C01FCF4E08A954540054247B /* Build configuration list for PBXProject "Tack" */ = {
			isa = XCConfigurationList;
			buildConfigurations = (
				C01FCF4F08A954540054247B /* Debug */,
				C01FCF5008A954540054247B /* Release */,
			);
			defaultConfigurationIsVisible = 0;
			defaultConfigurationName = Release;
		};
/* End XCConfigurationList section */
	};
	rootObject = 29B97313FDCFA39411CA2CEA /* Project object */;
}
